
Microsoft Visual Studio Solution File, Format Version 12.00
# Visual Studio Version 16
VisualStudioVersion = 16.0.30611.23
MinimumVisualStudioVersion = 10.0.40219.1
Project("{FAE04EC0-301F-11D3-BF4B-00C04F79EFBC}") = "WindowsFormsApp1", "WindowsFormsApp1\WindowsFormsApp1.csproj", "{90E489CB-572C-47DB-AD61-F9C466E9A0D8}"
EndProject
Global
	GlobalSection(SolutionConfigurationPlatforms) = preSolution
		Debug|Any CPU = Debug|Any CPU
		Release|Any CPU = Release|Any CPU
	EndGlobalSection
	GlobalSection(ProjectConfigurationPlatforms) = postSolution
		{90E489CB-572C-47DB-AD61-F9C466E9A0D8}.Debug|Any CPU.ActiveCfg = Debug|Any CPU
		{90E489CB-572C-47DB-AD61-F9C466E9A0D8}.Debug|Any CPU.Build.0 = Debug|Any CPU
		{90E489CB-572C-47DB-AD61-F9C466E9A0D8}.Release|Any CPU.ActiveCfg = Release|Any CPU
		{90E489CB-572C-47DB-AD61-F9C466E9A0D8}.Release|Any CPU.Build.0 = Release|Any CPU
	EndGlobalSection
	GlobalSection(SolutionProperties) = preSolution
		HideSolutionNode = FALSE
	EndGlobalSection
	GlobalSection(ExtensibilityGlobals) = postSolution
		SolutionGuid = {F6DCECAC-463B-47E9-8C71-A43AB9BE8062}
	EndGlobalSection
EndGlobal
